// !$*UTF8*$!
{
	archiveVersion = 1;
	classes = {
	};
	objectVersion = 46;
	objects = {

/* Begin PBXBuildFile section */
		F2554FA915AF046B00920BA3 /* UIKit.framework in Frameworks */ = {isa = PBXBuildFile; fileRef = F2554FA815AF046B00920BA3 /* UIKit.framework */; };
		F2554FAB15AF046B00920BA3 /* Foundation.framework in Frameworks */ = {isa = PBXBuildFile; fileRef = F2554FAA15AF046B00920BA3 /* Foundation.framework */; };
		F2554FAD15AF046B00920BA3 /* CoreGraphics.framework in Frameworks */ = {isa = PBXBuildFile; fileRef = F2554FAC15AF046B00920BA3 /* CoreGraphics.framework */; };
		F2554FB315AF046B00920BA3 /* InfoPlist.strings in Resources */ = {isa = PBXBuildFile; fileRef = F2554FB115AF046B00920BA3 /* InfoPlist.strings */; };
		F2554FB515AF046B00920BA3 /* main.m in Sources */ = {isa = PBXBuildFile; fileRef = F2554FB415AF046B00920BA3 /* main.m */; };
		F2554FB915AF046B00920BA3 /* PsychologistAppDelegate.m in Sources */ = {isa = PBXBuildFile; fileRef = F2554FB815AF046B00920BA3 /* PsychologistAppDelegate.m */; };
		F2554FBC15AF046B00920BA3 /* iphone.storyboard in Resources */ = {isa = PBXBuildFile; fileRef = F2554FBA15AF046B00920BA3 /* iphone.storyboard */; };
		F2554FBF15AF046B00920BA3 /* PsychologistViewController.m in Sources */ = {isa = PBXBuildFile; fileRef = F2554FBE15AF046B00920BA3 /* PsychologistViewController.m */; };
		F2554FC915AF04DC00920BA3 /* FaceView.m in Sources */ = {isa = PBXBuildFile; fileRef = F2554FC615AF04DC00920BA3 /* FaceView.m */; };
		F2554FCA15AF04DC00920BA3 /* HappinessViewController.m in Sources */ = {isa = PBXBuildFile; fileRef = F2554FC815AF04DC00920BA3 /* HappinessViewController.m */; };
		F29BDDC315B55ECD00A7BF07 /* RotatableViewController.m in Sources */ = {isa = PBXBuildFile; fileRef = F29BDDC215B55ECD00A7BF07 /* RotatableViewController.m */; };
		F29BDDC615B5605E00A7BF07 /* ipad.storyboard in Resources */ = {isa = PBXBuildFile; fileRef = F29BDDC515B5605E00A7BF07 /* ipad.storyboard */; };
		F2DD186C15AF1143009DE868 /* DrPillWebsiteViewController.m in Sources */ = {isa = PBXBuildFile; fileRef = F2DD186B15AF1143009DE868 /* DrPillWebsiteViewController.m */; };
/* End PBXBuildFile section */

/* Begin PBXFileReference section */
		F2554FA415AF046B00920BA3 /* Psychologist.app */ = {isa = PBXFileReference; explicitFileType = wrapper.application; includeInIndex = 0; path = Psychologist.app; sourceTree = BUILT_PRODUCTS_DIR; };
		F2554FA815AF046B00920BA3 /* UIKit.framework */ = {isa = PBXFileReference; lastKnownFileType = wrapper.framework; name = UIKit.framework; path = System/Library/Frameworks/UIKit.framework; sourceTree = SDKROOT; };
		F2554FAA15AF046B00920BA3 /* Foundation.framework */ = {isa = PBXFileReference; lastKnownFileType = wrapper.framework; name = Foundation.framework; path = System/Library/Frameworks/Foundation.framework; sourceTree = SDKROOT; };
		F2554FAC15AF046B00920BA3 /* CoreGraphics.framework */ = {isa = PBXFileReference; lastKnownFileType = wrapper.framework; name = CoreGraphics.framework; path = System/Library/Frameworks/CoreGraphics.framework; sourceTree = SDKROOT; };
		F2554FB015AF046B00920BA3 /* Psychologist-Info.plist */ = {isa = PBXFileReference; lastKnownFileType = text.plist.xml; path = "Psychologist-Info.plist"; sourceTree = "<group>"; };
		F2554FB215AF046B00920BA3 /* en */ = {isa = PBXFileReference; lastKnownFileType = text.plist.strings; name = en; path = en.lproj/InfoPlist.strings; sourceTree = "<group>"; };
		F2554FB415AF046B00920BA3 /* main.m */ = {isa = PBXFileReference; lastKnownFileType = sourcecode.c.objc; path = main.m; sourceTree = "<group>"; };
		F2554FB615AF046B00920BA3 /* Psychologist-Prefix.pch */ = {isa = PBXFileReference; lastKnownFileType = sourcecode.c.h; path = "Psychologist-Prefix.pch"; sourceTree = "<group>"; };
		F2554FB715AF046B00920BA3 /* PsychologistAppDelegate.h */ = {isa = PBXFileReference; lastKnownFileType = sourcecode.c.h; path = PsychologistAppDelegate.h; sourceTree = "<group>"; };
		F2554FB815AF046B00920BA3 /* PsychologistAppDelegate.m */ = {isa = PBXFileReference; lastKnownFileType = sourcecode.c.objc; path = PsychologistAppDelegate.m; sourceTree = "<group>"; };
		F2554FBB15AF046B00920BA3 /* en */ = {isa = PBXFileReference; lastKnownFileType = file.storyboard; name = en; path = en.lproj/iphone.storyboard; sourceTree = "<group>"; };
		F2554FBD15AF046B00920BA3 /* PsychologistViewController.h */ = {isa = PBXFileReference; lastKnownFileType = sourcecode.c.h; path = PsychologistViewController.h; sourceTree = "<group>"; };
		F2554FBE15AF046B00920BA3 /* PsychologistViewController.m */ = {isa = PBXFileReference; lastKnownFileType = sourcecode.c.objc; path = PsychologistViewController.m; sourceTree = "<group>"; };
		F2554FC515AF04DC00920BA3 /* FaceView.h */ = {isa = PBXFileReference; fileEncoding = 4; lastKnownFileType = sourcecode.c.h; path = FaceView.h; sourceTree = "<group>"; };
		F2554FC615AF04DC00920BA3 /* FaceView.m */ = {isa = PBXFileReference; fileEncoding = 4; lastKnownFileType = sourcecode.c.objc; path = FaceView.m; sourceTree = "<group>"; };
		F2554FC715AF04DC00920BA3 /* HappinessViewController.h */ = {isa = PBXFileReference; fileEncoding = 4; lastKnownFileType = sourcecode.c.h; path = HappinessViewController.h; sourceTree = "<group>"; };
		F2554FC815AF04DC00920BA3 /* HappinessViewController.m */ = {isa = PBXFileReference; fileEncoding = 4; lastKnownFileType = sourcecode.c.objc; path = HappinessViewController.m; sourceTree = "<group>"; };
		F29BDDC115B55ECD00A7BF07 /* RotatableViewController.h */ = {isa = PBXFileReference; fileEncoding = 4; lastKnownFileType = sourcecode.c.h; path = RotatableViewController.h; sourceTree = "<group>"; };
		F29BDDC215B55ECD00A7BF07 /* RotatableViewController.m */ = {isa = PBXFileReference; fileEncoding = 4; lastKnownFileType = sourcecode.c.objc; path = RotatableViewController.m; sourceTree = "<group>"; };
		F29BDDC515B5605E00A7BF07 /* ipad.storyboard */ = {isa = PBXFileReference; fileEncoding = 4; lastKnownFileType = file.storyboard; name = ipad.storyboard; path = ../ipad.storyboard; sourceTree = "<group>"; };
		F2D440DC15B8E827007F3D5E /* SplitViewBarButtonItemPresenter.h */ = {isa = PBXFileReference; fileEncoding = 4; lastKnownFileType = sourcecode.c.h; path = SplitViewBarButtonItemPresenter.h; sourceTree = "<group>"; };
		F2DD186A15AF1143009DE868 /* DrPillWebsiteViewController.h */ = {isa = PBXFileReference; fileEncoding = 4; lastKnownFileType = sourcecode.c.h; path = DrPillWebsiteViewController.h; sourceTree = "<group>"; };
		F2DD186B15AF1143009DE868 /* DrPillWebsiteViewController.m */ = {isa = PBXFileReference; fileEncoding = 4; lastKnownFileType = sourcecode.c.objc; path = DrPillWebsiteViewController.m; sourceTree = "<group>"; };
/* End PBXFileReference section */

/* Begin PBXFrameworksBuildPhase section */
		F2554FA115AF046B00920BA3 /* Frameworks */ = {
			isa = PBXFrameworksBuildPhase;
			buildActionMask = 2147483647;
			files = (
				F2554FA915AF046B00920BA3 /* UIKit.framework in Frameworks */,
				F2554FAB15AF046B00920BA3 /* Foundation.framework in Frameworks */,
				F2554FAD15AF046B00920BA3 /* CoreGraphics.framework in Frameworks */,
			);
			runOnlyForDeploymentPostprocessing = 0;
		};
/* End PBXFrameworksBuildPhase section */

/* Begin PBXGroup section */
		F2554F9915AF046B00920BA3 = {
			isa = PBXGroup;
			children = (
				F2554FAE15AF046B00920BA3 /* Psychologist */,
				F2554FA715AF046B00920BA3 /* Frameworks */,
				F2554FA515AF046B00920BA3 /* Products */,
			);
			sourceTree = "<group>";
		};
		F2554FA515AF046B00920BA3 /* Products */ = {
			isa = PBXGroup;
			children = (
				F2554FA415AF046B00920BA3 /* Psychologist.app */,
			);
			name = Products;
			sourceTree = "<group>";
		};
		F2554FA715AF046B00920BA3 /* Frameworks */ = {
			isa = PBXGroup;
			children = (
				F2554FA815AF046B00920BA3 /* UIKit.framework */,
				F2554FAA15AF046B00920BA3 /* Foundation.framework */,
				F2554FAC15AF046B00920BA3 /* CoreGraphics.framework */,
			);
			name = Frameworks;
			sourceTree = "<group>";
		};
		F2554FAE15AF046B00920BA3 /* Psychologist */ = {
			isa = PBXGroup;
			children = (
				F2554FB715AF046B00920BA3 /* PsychologistAppDelegate.h */,
				F29BDDC515B5605E00A7BF07 /* ipad.storyboard */,
				F2D440DC15B8E827007F3D5E /* SplitViewBarButtonItemPresenter.h */,
				F2554FC515AF04DC00920BA3 /* FaceView.h */,
				F2554FC615AF04DC00920BA3 /* FaceView.m */,
				F2554FC715AF04DC00920BA3 /* HappinessViewController.h */,
				F2554FC815AF04DC00920BA3 /* HappinessViewController.m */,
				F2554FB815AF046B00920BA3 /* PsychologistAppDelegate.m */,
				F2DD186A15AF1143009DE868 /* DrPillWebsiteViewController.h */,
				F2DD186B15AF1143009DE868 /* DrPillWebsiteViewController.m */,
				F2554FBA15AF046B00920BA3 /* iphone.storyboard */,
				F29BDDC115B55ECD00A7BF07 /* RotatableViewController.h */,
				F29BDDC215B55ECD00A7BF07 /* RotatableViewController.m */,
				F2554FBD15AF046B00920BA3 /* PsychologistViewController.h */,
				F2554FBE15AF046B00920BA3 /* PsychologistViewController.m */,
				F2554FAF15AF046B00920BA3 /* Supporting Files */,
			);
			path = Psychologist;
			sourceTree = "<group>";
		};
		F2554FAF15AF046B00920BA3 /* Supporting Files */ = {
			isa = PBXGroup;
			children = (
				F2554FB015AF046B00920BA3 /* Psychologist-Info.plist */,
				F2554FB115AF046B00920BA3 /* InfoPlist.strings */,
				F2554FB415AF046B00920BA3 /* main.m */,
				F2554FB615AF046B00920BA3 /* Psychologist-Prefix.pch */,
			);
			name = "Supporting Files";
			sourceTree = "<group>";
		};
/* End PBXGroup section */

/* Begin PBXNativeTarget section */
		F2554FA315AF046B00920BA3 /* Psychologist */ = {
			isa = PBXNativeTarget;
			buildConfigurationList = F2554FC215AF046B00920BA3 /* Build configuration list for PBXNativeTarget "Psychologist" */;
			buildPhases = (
				F2554FA015AF046B00920BA3 /* Sources */,
				F2554FA115AF046B00920BA3 /* Frameworks */,
				F2554FA215AF046B00920BA3 /* Resources */,
			);
			buildRules = (
			);
			dependencies = (
			);
			name = Psychologist;
			productName = Psychologist;
			productReference = F2554FA415AF046B00920BA3 /* Psychologist.app */;
			productType = "com.apple.product-type.application";
		};
/* End PBXNativeTarget section */

/* Begin PBXProject section */
		F2554F9B15AF046B00920BA3 /* Project object */ = {
			isa = PBXProject;
			attributes = {
				CLASSPREFIX = Psychologist;
				LastUpgradeCheck = 0430;
				ORGANIZATIONNAME = "Norimasa Nabeta";
			};
			buildConfigurationList = F2554F9E15AF046B00920BA3 /* Build configuration list for PBXProject "Psychologist" */;
			compatibilityVersion = "Xcode 3.2";
			developmentRegion = English;
			hasScannedForEncodings = 0;
			knownRegions = (
				en,
			);
			mainGroup = F2554F9915AF046B00920BA3;
			productRefGroup = F2554FA515AF046B00920BA3 /* Products */;
			projectDirPath = "";
			projectRoot = "";
			targets = (
				F2554FA315AF046B00920BA3 /* Psychologist */,
			);
		};
/* End PBXProject section */

/* Begin PBXResourcesBuildPhase section */
		F2554FA215AF046B00920BA3 /* Resources */ = {
			isa = PBXResourcesBuildPhase;
			buildActionMask = 2147483647;
			files = (
				F2554FB315AF046B00920BA3 /* InfoPlist.strings in Resources */,
				F2554FBC15AF046B00920BA3 /* iphone.storyboard in Resources */,
				F29BDDC615B5605E00A7BF07 /* ipad.storyboard in Resources */,
			);
			runOnlyForDeploymentPostprocessing = 0;
		};
/* End PBXResourcesBuildPhase section */

/* Begin PBXSourcesBuildPhase section */
		F2554FA015AF046B00920BA3 /* Sources */ = {
			isa = PBXSourcesBuildPhase;
			buildActionMask = 2147483647;
			files = (
				F2554FB515AF046B00920BA3 /* main.m in Sources */,
				F2554FB915AF046B00920BA3 /* PsychologistAppDelegate.m in Sources */,
				F2554FBF15AF046B00920BA3 /* PsychologistViewController.m in Sources */,
				F2554FC915AF04DC00920BA3 /* FaceView.m in Sources */,
				F2554FCA15AF04DC00920BA3 /* HappinessViewController.m in Sources */,
				F2DD186C15AF1143009DE868 /* DrPillWebsiteViewController.m in Sources */,
				F29BDDC315B55ECD00A7BF07 /* RotatableViewController.m in Sources */,
			);
			runOnlyForDeploymentPostprocessing = 0;
		};
/* End PBXSourcesBuildPhase section */

/* Begin PBXVariantGroup section */
		F2554FB115AF046B00920BA3 /* InfoPlist.strings */ = {
			isa = PBXVariantGroup;
			children = (
				F2554FB215AF046B00920BA3 /* en */,
			);
			name = InfoPlist.strings;
			sourceTree = "<group>";
		};
		F2554FBA15AF046B00920BA3 /* iphone.storyboard */ = {
			isa = PBXVariantGroup;
			children = (
				F2554FBB15AF046B00920BA3 /* en */,
			);
			name = iphone.storyboard;
			sourceTree = "<group>";
		};
/* End PBXVariantGroup section */

/* Begin XCBuildConfiguration section */
		F2554FC015AF046B00920BA3 /* Debug */ = {
			isa = XCBuildConfiguration;
			buildSettings = {
				ALWAYS_SEARCH_USER_PATHS = NO;
				ARCHS = "$(ARCHS_STANDARD_32_BIT)";
				CLANG_ENABLE_OBJC_ARC = YES;
				"CODE_SIGN_IDENTITY[sdk=iphoneos*]" = "iPhone Developer";
				COPY_PHASE_STRIP = NO;
				GCC_C_LANGUAGE_STANDARD = gnu99;
				GCC_DYNAMIC_NO_PIC = NO;
				GCC_OPTIMIZATION_LEVEL = 0;
				GCC_PREPROCESSOR_DEFINITIONS = (
					"DEBUG=1",
					"$(inherited)",
				);
				GCC_SYMBOLS_PRIVATE_EXTERN = NO;
				GCC_VERSION = com.apple.compilers.llvm.clang.1_0;
				GCC_WARN_ABOUT_RETURN_TYPE = YES;
				GCC_WARN_UNINITIALIZED_AUTOS = YES;
				GCC_WARN_UNUSED_VARIABLE = YES;
				IPHONEOS_DEPLOYMENT_TARGET = 5.1;
				SDKROOT = iphoneos;
			};
			name = Debug;
		};
		F2554FC115AF046B00920BA3 /* Release */ = {
			isa = XCBuildConfiguration;
			buildSettings = {
				ALWAYS_SEARCH_USER_PATHS = NO;
				ARCHS = "$(ARCHS_STANDARD_32_BIT)";
				CLANG_ENABLE_OBJC_ARC = YES;
				"CODE_SIGN_IDENTITY[sdk=iphoneos*]" = "iPhone Developer";
				COPY_PHASE_STRIP = YES;
				GCC_C_LANGUAGE_STANDARD = gnu99;
				GCC_VERSION = com.apple.compilers.llvm.clang.1_0;
				GCC_WARN_ABOUT_RETURN_TYPE = YES;
				GCC_WARN_UNINITIALIZED_AUTOS = YES;
				GCC_WARN_UNUSED_VARIABLE = YES;
				IPHONEOS_DEPLOYMENT_TARGET = 5.1;
				OTHER_CFLAGS = "-DNS_BLOCK_ASSERTIONS=1";
				SDKROOT = iphoneos;
				VALIDATE_PRODUCT = YES;
			};
			name = Release;
		};
		F2554FC315AF046B00920BA3 /* Debug */ = {
			isa = XCBuildConfiguration;
			buildSettings = {
				GCC_PRECOMPILE_PREFIX_HEADER = YES;
				GCC_PREFIX_HEADER = "Psychologist/Psychologist-Prefix.pch";
				INFOPLIST_FILE = "Psychologist/Psychologist-Info.plist";
				IPHONEOS_DEPLOYMENT_TARGET = 5.0;
				PRODUCT_NAME = "$(TARGET_NAME)";
				TARGETED_DEVICE_FAMILY = "1,2";
				WRAPPER_EXTENSION = app;
			};
			name = Debug;
		};
		F2554FC415AF046B00920BA3 /* Release */ = {
			isa = XCBuildConfiguration;
			buildSettings = {
				GCC_PRECOMPILE_PREFIX_HEADER = YES;
				GCC_PREFIX_HEADER = "Psychologist/Psychologist-Prefix.pch";
				INFOPLIST_FILE = "Psychologist/Psychologist-Info.plist";
				IPHONEOS_DEPLOYMENT_TARGET = 5.0;
				PRODUCT_NAME = "$(TARGET_NAME)";
				TARGETED_DEVICE_FAMILY = "1,2";
				WRAPPER_EXTENSION = app;
			};
			name = Release;
		};
/* End XCBuildConfiguration section */

/* Begin XCConfigurationList section */
		F2554F9E15AF046B00920BA3 /* Build configuration list for PBXProject "Psychologist" */ = {
			isa = XCConfigurationList;
			buildConfigurations = (
				F2554FC015AF046B00920BA3 /* Debug */,
				F2554FC115AF046B00920BA3 /* Release */,
			);
			defaultConfigurationIsVisible = 0;
			defaultConfigurationName = Release;
		};
		F2554FC215AF046B00920BA3 /* Build configuration list for PBXNativeTarget "Psychologist" */ = {
			isa = XCConfigurationList;
			buildConfigurations = (
				F2554FC315AF046B00920BA3 /* Debug */,
				F2554FC415AF046B00920BA3 /* Release */,
			);
			defaultConfigurationIsVisible = 0;
			defaultConfigurationName = Release;
		};
/* End XCConfigurationList section */
	};
	rootObject = F2554F9B15AF046B00920BA3 /* Project object */;
}
